{
    "_meta": {
        "hash": {
            "sha256": "618f44c7f9cbc12db4abd65c9ae53ee19abeb2a0979d820e0746e5cdbfb7181d"
        },
        "pipfile-spec": 6,
        "requires": {
            "python_version": "3.7"
        },
        "sources": [
            {
                "name": "pypi",
                "url": "https://pypi.org/simple",
                "verify_ssl": true
            }
        ]
    },
    "default": {
        "certifi": {
            "hashes": [
                "sha256:e4f3620cfea4f83eedc95b24abd9cd56f3c4b146dd0177e83a21b4eb49e21e50",
                "sha256:fd7c7c74727ddcf00e9acd26bba8da604ffec95bf1c2144e67aff7a8b50e6cef"
            ],
            "version": "==2019.9.11"
        },
        "chardet": {
            "hashes": [
                "sha256:84ab92ed1c4d4f16916e05906b6b75a6c0fb5db821cc65e70cbd64a3e2a5eaae",
                "sha256:fc323ffcaeaed0e0a02bf4d117757b98aed530d9ed4531e3e15460124c106691"
            ],
            "version": "==3.0.4"
        },
        "click": {
            "hashes": [
                "sha256:2335065e6395b9e67ca716de5f7526736bfa6ceead690adf616d925bdc622b13",
                "sha256:5b94b49521f6456670fdb30cd82a4eca9412788a93fa6dd6df72c94d5a8ff2d7"
            ],
            "index": "pypi",
            "version": "==7.0"
        },
        "coinmarketcap": {
            "hashes": [
                "sha256:1cfee31bf330a17cedf188e4e99588e6a4c6c969c93da71f55a9f4ec6a6c216f"
            ],
            "index": "pypi",
            "version": "==5.0.3"
        },
        "easyappdirs": {
            "git": "https://github.com/en-lofty/Easy-App-Dirs.git",
            "ref": "af956b8b23a04233be3f186f52b0fc92e6cb9e7b"
        },
        "idna": {
            "hashes": [
                "sha256:c357b3f628cf53ae2c4c05627ecc484553142ca23264e593d327bcde5e9c3407",
                "sha256:ea8b7f6188e6fa117537c3df7da9fc686d485087abf6ac197f9c46432f7e4a3c"
            ],
            "version": "==2.8"
        },
        "logzero": {
            "hashes": [
                "sha256:34fa1e2e436dfa9f37e5ff8750e932bafe0c5abbb42e1f669e4cf5ce1f179142",
                "sha256:818072e4fcb53a3f6fb4114a92f920e1135fe6f47bffd9dc2b6c4d10eedacf27"
            ],
            "index": "pypi",
            "version": "==1.5.0"
        },
        "my-utils": {
            "editable": true,
            "git": "ssh://git@github.com/en-lofty/my_utils.git",
            "ref": "6dbc4d6a7d82723b91c29502f134fcbb5f998d88"
        },
        "pyperclip": {
            "hashes": [
                "sha256:979325468ccf682104d5dcaf753f869868100631301d3e72f47babdea5700d1c"
            ],
            "index": "pypi",
            "version": "==1.7.0"
        },
        "requests": {
            "hashes": [
                "sha256:11e007a8a2aa0323f5a921e9e6a2d7e4e67d9877e85773fba9ba6419025cbeb4",
                "sha256:9cf5292fcd0f598c671cfc1e0d7d1a7f13bb8085e9a590f48c010551dc6c4b31"
            ],
            "version": "==2.22.0"
        },
        "requests-cache": {
            "hashes": [
                "sha256:813023269686045f8e01e2289cc1e7e9ae5ab22ddd1e2849a9093ab3ab7270eb",
                "sha256:81e13559baee64677a7d73b85498a5a8f0639e204517b5d05ff378e44a57831a"
            ],
            "version": "==0.5.2"
        },
        "sh": {
            "hashes": [
                "sha256:ae3258c5249493cebe73cb4e18253a41ed69262484bad36fdb3efcb8ad8870bb",
                "sha256:b52bf5833ed01c7b5c5fb73a7f71b3d98d48e9b9b8764236237bdc7ecae850fc"
            ],
            "index": "pypi",
            "version": "==1.12.14"
        },
        "urllib3": {
            "hashes": [
                "sha256:3de946ffbed6e6746608990594d08faac602528ac7015ac28d33cee6a45b7398",
                "sha256:9a107b99a5393caf59c7aa3c1249c16e6879447533d0887f4336dde834c7be86"
            ],
            "version": "==1.25.6"
        }
    },
    "develop": {}
}
